PODS:
  - Flutter (1.0.0)
  - ikev_flutter (0.1.0):
    - Flutter

DEPENDENCIES:
  - Flutter (from `Flutter`)
  - ikev_flutter (from `.symlinks/plugins/ikev_flutter/ios`)

EXTERNAL SOURCES:
  Flutter:
    :path: Flutter
  ikev_flutter:
    :path: ".symlinks/plugins/ikev_flutter/ios"

SPEC CHECKSUMS:
  Flutter: e0871f40cf51350855a761d2e70bf5af5b9b5de7
  ikev_flutter: 472f91c55c70055ab1521690a766d75c448b271e

PODFILE CHECKSUM: 4c438addb11b6da45ed7ae408823d68256222460

COCOAPODS: 1.16.2
